{"1.2.0",
[{<<"kvex">>,{pkg,<<"kvex">>,<<"0.2.1">>},0},
 {<<"onyx">>,{pkg,<<"onyx">>,<<"0.1.0">>},0},
 {<<"sied">>,{pkg,<<"sied">>,<<"0.2.4">>},1},
 {<<"thoas">>,{pkg,<<"thoas">>,<<"1.2.0">>},1},
 {<<"tok">>,{pkg,<<"tok">>,<<"0.2.0">>},0}]}.
[
{pkg_hash,[
 {<<"kvex">>, <<"115CFC0C5E427AF5064A5EF8F472B45B86A05E0E3A21A2C3B94F39A2FF7FF8B8">>},
 {<<"onyx">>, <<"414301D42E3955FC1D75A35905F635B39D83BF0634E77FFEF148F897B8D88D6B">>},
 {<<"sied">>, <<"BD43264EA9D9CAFF11C336E585DC7AFECCF8AB0DCCAC591348C2D77B00954DFF">>},
 {<<"thoas">>, <<"73B0546BAFF5008E6ED209558FD7B0606B035D96F9F3DE24EF42879100E094D4">>},
 {<<"tok">>, <<"6B0E6B821EAF853D1748A57A2EF1A59BE0108FB04BD1C1933F425F1AF84E47BA">>}]},
{pkg_hash_ext,[
 {<<"kvex">>, <<"AE98AA5F3FA6921B04AC529C627A8553278E57C27E4226DB9A10CEBC8E1F01C3">>},
 {<<"onyx">>, <<"9AD8861FA5FD78F9DC1AB75B707E9CE7C55A14912B851E8A03E3E20952754195">>},
 {<<"sied">>, <<"255C2CC48F3654502DAB11343FABDC263C48A9D901FBA98FEF1E5A0EDA857E17">>},
 {<<"thoas">>, <<"540C8CB7D9257F2AD0A14145DC23560F91ACDCA995F0CCBA779EB33AF5D859D1">>},
 {<<"tok">>, <<"9D9444C40C95774191C2E10034377691BB86B92527C33E75A2876A342490EBA1">>}]}
].
